
Microsoft Visual Studio Solution File, Format Version 12.00
# Visual Studio 15
VisualStudioVersion = 15.0.28010.2019
MinimumVisualStudioVersion = 10.0.40219.1
Project("{FAE04EC0-301F-11D3-BF4B-00C04F79EFBC}") = "Assignment2_Part3", "Assignment2_Part3\Assignment2_Part3.csproj", "{4EF7C6D1-04A7-4BE4-90D5-A2090E6343C3}"
EndProject
Global
	GlobalSection(SolutionConfigurationPlatforms) = preSolution
		Debug|Any CPU = Debug|Any CPU
		Release|Any CPU = Release|Any CPU
	EndGlobalSection
	GlobalSection(ProjectConfigurationPlatforms) = postSolution
		{4EF7C6D1-04A7-4BE4-90D5-A2090E6343C3}.Debug|Any CPU.ActiveCfg = Debug|Any CPU
		{4EF7C6D1-04A7-4BE4-90D5-A2090E6343C3}.Debug|Any CPU.Build.0 = Debug|Any CPU
		{4EF7C6D1-04A7-4BE4-90D5-A2090E6343C3}.Release|Any CPU.ActiveCfg = Release|Any CPU
		{4EF7C6D1-04A7-4BE4-90D5-A2090E6343C3}.Release|Any CPU.Build.0 = Release|Any CPU
	EndGlobalSection
	GlobalSection(SolutionProperties) = preSolution
		HideSolutionNode = FALSE
	EndGlobalSection
	GlobalSection(ExtensibilityGlobals) = postSolution
		SolutionGuid = {9AFC9E20-5BDB-4BB3-985B-518A37AAC0A3}
	EndGlobalSection
EndGlobal
